
Microsoft Visual Studio Solution File, Format Version 11.00
# Visual Studio 2010
Project("{FAE04EC0-301F-11D3-BF4B-00C04F79EFBC}") = "Auto.Moq", "Auto.Moq\Auto.Moq.csproj", "{14AC95E8-1894-4EF8-8BE9-D5936F88688E}"
EndProject
Global
	GlobalSection(SolutionConfigurationPlatforms) = preSolution
		Debug|Any CPU = Debug|Any CPU
		Release|Any CPU = Release|Any CPU
	EndGlobalSection
	GlobalSection(ProjectConfigurationPlatforms) = postSolution
		{14AC95E8-1894-4EF8-8BE9-D5936F88688E}.Debug|Any CPU.ActiveCfg = Debug|Any CPU
		{14AC95E8-1894-4EF8-8BE9-D5936F88688E}.Debug|Any CPU.Build.0 = Debug|Any CPU
		{14AC95E8-1894-4EF8-8BE9-D5936F88688E}.Release|Any CPU.ActiveCfg = Release|Any CPU
		{14AC95E8-1894-4EF8-8BE9-D5936F88688E}.Release|Any CPU.Build.0 = Release|Any CPU
	EndGlobalSection
	GlobalSection(SolutionProperties) = preSolution
		HideSolutionNode = FALSE
	EndGlobalSection
EndGlobal
